
Microsoft Visual Studio Solution File, Format Version 12.00
# Visual Studio Version 17
VisualStudioVersion = 17.9.34622.214
MinimumVisualStudioVersion = 10.0.40219.1
Project("{FAE04EC0-301F-11D3-BF4B-00C04F79EFBC}") = "exceltosql", "exceltosql.csproj", "{C37522DF-8077-4AD3-BB34-1F0A30B952D0}"
EndProject
Global
	GlobalSection(SolutionConfigurationPlatforms) = preSolution
		Debug|Any CPU = Debug|Any CPU
		Release|Any CPU = Release|Any CPU
	EndGlobalSection
	GlobalSection(ProjectConfigurationPlatforms) = postSolution
		{C37522DF-8077-4AD3-BB34-1F0A30B952D0}.Debug|Any CPU.ActiveCfg = Debug|Any CPU
		{C37522DF-8077-4AD3-BB34-1F0A30B952D0}.Debug|Any CPU.Build.0 = Debug|Any CPU
		{C37522DF-8077-4AD3-BB34-1F0A30B952D0}.Release|Any CPU.ActiveCfg = Release|Any CPU
		{C37522DF-8077-4AD3-BB34-1F0A30B952D0}.Release|Any CPU.Build.0 = Release|Any CPU
	EndGlobalSection
	GlobalSection(SolutionProperties) = preSolution
		HideSolutionNode = FALSE
	EndGlobalSection
	GlobalSection(ExtensibilityGlobals) = postSolution
		SolutionGuid = {68BA1C7C-6D07-4267-9CD3-B9B5784ABF34}
	EndGlobalSection
EndGlobal
